
Microsoft Visual Studio Solution File, Format Version 12.00
# Visual Studio Version 17
VisualStudioVersion = 17.4.33205.214
MinimumVisualStudioVersion = 10.0.40219.1
Project("{FAE04EC0-301F-11D3-BF4B-00C04F79EFBC}") = "Ebob-Ekok", "Ebob-Ekok.csproj", "{032D768E-5DD0-43C6-9BCF-A73F70103934}"
EndProject
Global
	GlobalSection(SolutionConfigurationPlatforms) = preSolution
		Debug|Any CPU = Debug|Any CPU
		Release|Any CPU = Release|Any CPU
	EndGlobalSection
	GlobalSection(ProjectConfigurationPlatforms) = postSolution
		{032D768E-5DD0-43C6-9BCF-A73F70103934}.Debug|Any CPU.ActiveCfg = Debug|Any CPU
		{032D768E-5DD0-43C6-9BCF-A73F70103934}.Debug|Any CPU.Build.0 = Debug|Any CPU
		{032D768E-5DD0-43C6-9BCF-A73F70103934}.Release|Any CPU.ActiveCfg = Release|Any CPU
		{032D768E-5DD0-43C6-9BCF-A73F70103934}.Release|Any CPU.Build.0 = Release|Any CPU
	EndGlobalSection
	GlobalSection(SolutionProperties) = preSolution
		HideSolutionNode = FALSE
	EndGlobalSection
	GlobalSection(ExtensibilityGlobals) = postSolution
		SolutionGuid = {31B34BBF-1455-426F-85E5-0B67DDD855BD}
	EndGlobalSection
EndGlobal
